
Microsoft Visual Studio Solution File, Format Version 12.00
# Visual Studio 15
VisualStudioVersion = 15.0.28307.1062
MinimumVisualStudioVersion = 10.0.40219.1
Project("{159641D6-6404-4A2A-AE62-294DE0FE8301}") = "lab5", "lab5\lab5.dtproj", "{166F2589-32B7-48B6-A91C-63F1BB6B6EF0}"
EndProject
Global
	GlobalSection(SolutionConfigurationPlatforms) = preSolution
		Development|Default = Development|Default
	EndGlobalSection
	GlobalSection(ProjectConfigurationPlatforms) = postSolution
		{166F2589-32B7-48B6-A91C-63F1BB6B6EF0}.Development|Default.ActiveCfg = Development
		{166F2589-32B7-48B6-A91C-63F1BB6B6EF0}.Development|Default.Build.0 = Development
	EndGlobalSection
	GlobalSection(SolutionProperties) = preSolution
		HideSolutionNode = FALSE
	EndGlobalSection
	GlobalSection(ExtensibilityGlobals) = postSolution
		SolutionGuid = {024C1891-8BBD-4D17-861F-8C02FFE7AA63}
	EndGlobalSection
EndGlobal
