
Microsoft Visual Studio Solution File, Format Version 12.00
# Visual Studio 15
VisualStudioVersion = 15.0.28307.1062
MinimumVisualStudioVersion = 10.0.40219.1
Project("{159641D6-6404-4A2A-AE62-294DE0FE8301}") = "lab9", "lab9\lab9.dtproj", "{A493D270-7E5D-4BCB-8ACE-F9165D2F98A6}"
EndProject
Global
	GlobalSection(SolutionConfigurationPlatforms) = preSolution
		Development|Default = Development|Default
	EndGlobalSection
	GlobalSection(ProjectConfigurationPlatforms) = postSolution
		{A493D270-7E5D-4BCB-8ACE-F9165D2F98A6}.Development|Default.ActiveCfg = Development
		{A493D270-7E5D-4BCB-8ACE-F9165D2F98A6}.Development|Default.Build.0 = Development
	EndGlobalSection
	GlobalSection(SolutionProperties) = preSolution
		HideSolutionNode = FALSE
	EndGlobalSection
	GlobalSection(ExtensibilityGlobals) = postSolution
		SolutionGuid = {5A501F00-0ACF-4108-AA83-3B634D0D7268}
	EndGlobalSection
EndGlobal
