
Microsoft Visual Studio Solution File, Format Version 12.00
# Visual Studio 2013
VisualStudioVersion = 12.0.21005.1
MinimumVisualStudioVersion = 10.0.40219.1
Project("{159641D6-6404-4A2A-AE62-294DE0FE8301}") = "Personal Trainer SSIS Project", "Personal Trainer SSIS Project\Personal Trainer SSIS Project.dtproj", "{F1698094-A05D-475B-8363-648FEF0D6770}"
EndProject
Global
	GlobalSection(SolutionConfigurationPlatforms) = preSolution
		Development|Default = Development|Default
	EndGlobalSection
	GlobalSection(ProjectConfigurationPlatforms) = postSolution
		{F1698094-A05D-475B-8363-648FEF0D6770}.Development|Default.ActiveCfg = Development
		{F1698094-A05D-475B-8363-648FEF0D6770}.Development|Default.Build.0 = Development
	EndGlobalSection
	GlobalSection(SolutionProperties) = preSolution
		HideSolutionNode = FALSE
	EndGlobalSection
EndGlobal
